{
  "nodes": {
    "daemonFramework": {
      "inputs": {
        "nixpkgs": [
          "nixpkgs"
        ]
      },
      "locked": {
        "lastModified": 1788649527,
        "narHash": "sha256-cyOa1/ODfi5Xp1gBVBK03okxjX0e1vRSe4d36tzfaAs=",
        "ref": "main",
        "rev": "5b17083569a0bed82c8934ed77494c29a08832bf",
        "revCount": 33,
        "type": "git",
        "url": "file:../daemon-framework"
      },
      "original": {
        "ref": "main",
        "type": "git",
        "url": "file:../daemon-framework"
      }
    },
    "nixpkgs": {
      "locked": {
        "lastModified": 1784280462,
        "narHash": "sha256-DtoqIqM7VkR6NxAkcLpMwmi02USwWb3JdmNGLyhthc0=",
        "owner": "NixOS",
        "repo": "nixpkgs",
        "rev": "293d6abedf0478e681a4dfcfcb35b30fc796a32f",
        "type": "github"
      },
      "original": {
        "owner": "NixOS",
        "ref": "nixos-26.05",
        "repo": "nixpkgs",
        "type": "github"
      }
    },
    "root": {
      "inputs": {
        "daemonFramework": "daemonFramework",
        "nixpkgs": "nixpkgs"
      }
    }
  },
  "root": "root",
  "version": 7
}
