{
  "nodes": {
    "daemonFramework": {
      "inputs": {
        "nixpkgs": [
          "nixpkgs"
        ]
      },
      "locked": {
        "lastModified": 1788051473,
        "narHash": "sha256-KvdGb1Gdad8JSo8r/rVBGdZKkuLm/GlgvF/H1ft7Fkw=",
        "ref": "main",
        "rev": "2624c56a58657b27dd03e3fd7e5a4ca1e2c49bf7",
        "revCount": 20,
        "type": "git",
        "url": "file:../daemon-framework"
      },
      "original": {
        "ref": "main",
        "type": "git",
        "url": "file:../daemon-framework"
      }
    },
    "nixpkgs": {
      "locked": {
        "lastModified": 1784280462,
        "narHash": "sha256-DtoqIqM7VkR6NxAkcLpMwmi02USwWb3JdmNGLyhthc0=",
        "owner": "NixOS",
        "repo": "nixpkgs",
        "rev": "293d6abedf0478e681a4dfcfcb35b30fc796a32f",
        "type": "github"
      },
      "original": {
        "owner": "NixOS",
        "ref": "nixos-26.05",
        "repo": "nixpkgs",
        "type": "github"
      }
    },
    "root": {
      "inputs": {
        "daemonFramework": "daemonFramework",
        "nixpkgs": "nixpkgs"
      }
    }
  },
  "root": "root",
  "version": 7
}
