{
  "nodes": {
    "daemonFramework": {
      "inputs": {
        "nixpkgs": [
          "nixpkgs"
        ]
      },
      "locked": {
        "lastModified": 1788384005,
        "narHash": "sha256-b+tVRRctw4KIo69/c6sxshBsKmgRrVcOMGVzuwf5gPo=",
        "ref": "main",
        "rev": "c90883428ed83baa8e451dec5b598ad4e3141d25",
        "revCount": 28,
        "type": "git",
        "url": "file:../daemon-framework"
      },
      "original": {
        "ref": "main",
        "type": "git",
        "url": "file:../daemon-framework"
      }
    },
    "nixpkgs": {
      "locked": {
        "lastModified": 1784280462,
        "narHash": "sha256-DtoqIqM7VkR6NxAkcLpMwmi02USwWb3JdmNGLyhthc0=",
        "owner": "NixOS",
        "repo": "nixpkgs",
        "rev": "293d6abedf0478e681a4dfcfcb35b30fc796a32f",
        "type": "github"
      },
      "original": {
        "owner": "NixOS",
        "ref": "nixos-26.05",
        "repo": "nixpkgs",
        "type": "github"
      }
    },
    "root": {
      "inputs": {
        "daemonFramework": "daemonFramework",
        "nixpkgs": "nixpkgs"
      }
    }
  },
  "root": "root",
  "version": 7
}
